
Microsoft Visual Studio Solution File, Format Version 12.00
# Visual Studio 15
VisualStudioVersion = 15.0.28010.2046
MinimumVisualStudioVersion = 10.0.40219.1
Project("{FAE04EC0-301F-11D3-BF4B-00C04F79EFBC}") = "Moda", "Moda\Moda.csproj", "{CE2942B7-4AAB-4FE5-84FF-141006116845}"
EndProject
Global
	GlobalSection(SolutionConfigurationPlatforms) = preSolution
		Debug|Any CPU = Debug|Any CPU
		Release|Any CPU = Release|Any CPU
	EndGlobalSection
	GlobalSection(ProjectConfigurationPlatforms) = postSolution
		{CE2942B7-4AAB-4FE5-84FF-141006116845}.Debug|Any CPU.ActiveCfg = Debug|Any CPU
		{CE2942B7-4AAB-4FE5-84FF-141006116845}.Debug|Any CPU.Build.0 = Debug|Any CPU
		{CE2942B7-4AAB-4FE5-84FF-141006116845}.Release|Any CPU.ActiveCfg = Release|Any CPU
		{CE2942B7-4AAB-4FE5-84FF-141006116845}.Release|Any CPU.Build.0 = Release|Any CPU
	EndGlobalSection
	GlobalSection(SolutionProperties) = preSolution
		HideSolutionNode = FALSE
	EndGlobalSection
	GlobalSection(ExtensibilityGlobals) = postSolution
		SolutionGuid = {C881AB1C-8EB3-40FC-B035-D894AF6298E0}
	EndGlobalSection
EndGlobal
